// !$*UTF8*$!
{
	archiveVersion = 1;
	classes = {
	};
	objectVersion = 50;
	objects = {

/* Begin PBXBuildFile section */
		0A363077225EF9D10067A252 /* HomeModel.swift in Sources */ = {isa = PBXBuildFile; fileRef = 0A363076225EF9D10067A252 /* HomeModel.swift */; };
		0A363079225F4AF20067A252 /* HomeDetailVC.swift in Sources */ = {isa = PBXBuildFile; fileRef = 0A363078225F4AF20067A252 /* HomeDetailVC.swift */; };
		0A36307B225F4BA00067A252 /* UilabelExtension.swift in Sources */ = {isa = PBXBuildFile; fileRef = 0A36307A225F4BA00067A252 /* UilabelExtension.swift */; };
		0AACD8F022604A9F000AA2D7 /* SmartMobeTestTests.swift in Sources */ = {isa = PBXBuildFile; fileRef = 0AACD8EF22604A9F000AA2D7 /* SmartMobeTestTests.swift */; };
		AF1B47AD225EBC50004A0B69 /* Routes.swift in Sources */ = {isa = PBXBuildFile; fileRef = AF1B47AB225EBC4F004A0B69 /* Routes.swift */; };
		AF1B47AE225EBC50004A0B69 /* Util.swift in Sources */ = {isa = PBXBuildFile; fileRef = AF1B47AC225EBC4F004A0B69 /* Util.swift */; };
		AF1B47B0225EBD69004A0B69 /* Theme.swift in Sources */ = {isa = PBXBuildFile; fileRef = AF1B47AF225EBD69004A0B69 /* Theme.swift */; };
		AF1B47B4225EBDD5004A0B69 /* Roboto-Light.ttf in Resources */ = {isa = PBXBuildFile; fileRef = AF1B47B1225EBDD5004A0B69 /* Roboto-Light.ttf */; };
		AF1B47B5225EBDD5004A0B69 /* Roboto-Bold.ttf in Resources */ = {isa = PBXBuildFile; fileRef = AF1B47B2225EBDD5004A0B69 /* Roboto-Bold.ttf */; };
		AF1B47B6225EBDD5004A0B69 /* Roboto-Regular.ttf in Resources */ = {isa = PBXBuildFile; fileRef = AF1B47B3225EBDD5004A0B69 /* Roboto-Regular.ttf */; };
		AF1B47B8225EC45D004A0B69 /* HomeCell.swift in Sources */ = {isa = PBXBuildFile; fileRef = AF1B47B7225EC45D004A0B69 /* HomeCell.swift */; };
		AF1B47BB225EC7D7004A0B69 /* UiImageViewExtension.swift in Sources */ = {isa = PBXBuildFile; fileRef = AF1B47BA225EC7D7004A0B69 /* UiImageViewExtension.swift */; };
		AF1B47BD225EC885004A0B69 /* WebService.swift in Sources */ = {isa = PBXBuildFile; fileRef = AF1B47BC225EC885004A0B69 /* WebService.swift */; };
		AF1B47BF225EC9B2004A0B69 /* Handler.swift in Sources */ = {isa = PBXBuildFile; fileRef = AF1B47BE225EC9B2004A0B69 /* Handler.swift */; };
		AF5AF3AA225FB0B200A1A0E5 /* ImageZoomVC.swift in Sources */ = {isa = PBXBuildFile; fileRef = AF5AF3A9225FB0B200A1A0E5 /* ImageZoomVC.swift */; };
		AFD95BD4225E51CE0019F48B /* AppDelegate.swift in Sources */ = {isa = PBXBuildFile; fileRef = AFD95BD3225E51CE0019F48B /* AppDelegate.swift */; };
		AFD95BD6225E51CE0019F48B /* ViewController.swift in Sources */ = {isa = PBXBuildFile; fileRef = AFD95BD5225E51CE0019F48B /* ViewController.swift */; };
		AFD95BD9225E51CE0019F48B /* Main.storyboard in Resources */ = {isa = PBXBuildFile; fileRef = AFD95BD7225E51CE0019F48B /* Main.storyboard */; };
		AFD95BDB225E51CF0019F48B /* Assets.xcassets in Resources */ = {isa = PBXBuildFile; fileRef = AFD95BDA225E51CF0019F48B /* Assets.xcassets */; };
		AFD95BDE225E51CF0019F48B /* LaunchScreen.storyboard in Resources */ = {isa = PBXBuildFile; fileRef = AFD95BDC225E51CF0019F48B /* LaunchScreen.storyboard */; };
		AFD95BF1225E5FFE0019F48B /* HomeVC.swift in Sources */ = {isa = PBXBuildFile; fileRef = AFD95BF0225E5FFE0019F48B /* HomeVC.swift */; };
		E34E5F7556175659330FCA10 /* Pods_SmartMobeTest.framework in Frameworks */ = {isa = PBXBuildFile; fileRef = 7A18B6A2ABED47F8031F5665 /* Pods_SmartMobeTest.framework */; };
/* End PBXBuildFile section */

/* Begin PBXContainerItemProxy section */
		0AACD8F222604A9F000AA2D7 /* PBXContainerItemProxy */ = {
			isa = PBXContainerItemProxy;
			containerPortal = AFD95BC8225E51CE0019F48B /* Project object */;
			proxyType = 1;
			remoteGlobalIDString = AFD95BCF225E51CE0019F48B;
			remoteInfo = SmartMobeTest;
		};
/* End PBXContainerItemProxy section */

/* Begin PBXFileReference section */
		0A363076225EF9D10067A252 /* HomeModel.swift */ = {isa = PBXFileReference; lastKnownFileType = sourcecode.swift; path = HomeModel.swift; sourceTree = "<group>"; };
		0A363078225F4AF20067A252 /* HomeDetailVC.swift */ = {isa = PBXFileReference; fileEncoding = 4; lastKnownFileType = sourcecode.swift; path = HomeDetailVC.swift; sourceTree = "<group>"; };
		0A36307A225F4BA00067A252 /* UilabelExtension.swift */ = {isa = PBXFileReference; lastKnownFileType = sourcecode.swift; path = UilabelExtension.swift; sourceTree = "<group>"; };
		0AACD8ED22604A9F000AA2D7 /* SmartMobeTestTests.xctest */ = {isa = PBXFileReference; explicitFileType = wrapper.cfbundle; includeInIndex = 0; path = SmartMobeTestTests.xctest; sourceTree = BUILT_PRODUCTS_DIR; };
		0AACD8EF22604A9F000AA2D7 /* SmartMobeTestTests.swift */ = {isa = PBXFileReference; lastKnownFileType = sourcecode.swift; path = SmartMobeTestTests.swift; sourceTree = "<group>"; };
		0AACD8F122604A9F000AA2D7 /* Info.plist */ = {isa = PBXFileReference; lastKnownFileType = text.plist.xml; path = Info.plist; sourceTree = "<group>"; };
		10EAF53205D1829494789818 /* Pods-SmartMobeTest.release.xcconfig */ = {isa = PBXFileReference; includeInIndex = 1; lastKnownFileType = text.xcconfig; name = "Pods-SmartMobeTest.release.xcconfig"; path = "Pods/Target Support Files/Pods-SmartMobeTest/Pods-SmartMobeTest.release.xcconfig"; sourceTree = "<group>"; };
		7A18B6A2ABED47F8031F5665 /* Pods_SmartMobeTest.framework */ = {isa = PBXFileReference; explicitFileType = wrapper.framework; includeInIndex = 0; path = Pods_SmartMobeTest.framework; sourceTree = BUILT_PRODUCTS_DIR; };
		91E17168D0F21B7660F9BA42 /* Pods-SmartMobeTest.debug.xcconfig */ = {isa = PBXFileReference; includeInIndex = 1; lastKnownFileType = text.xcconfig; name = "Pods-SmartMobeTest.debug.xcconfig"; path = "Pods/Target Support Files/Pods-SmartMobeTest/Pods-SmartMobeTest.debug.xcconfig"; sourceTree = "<group>"; };
		AF1B47AB225EBC4F004A0B69 /* Routes.swift */ = {isa = PBXFileReference; fileEncoding = 4; lastKnownFileType = sourcecode.swift; path = Routes.swift; sourceTree = "<group>"; };
		AF1B47AC225EBC4F004A0B69 /* Util.swift */ = {isa = PBXFileReference; fileEncoding = 4; lastKnownFileType = sourcecode.swift; path = Util.swift; sourceTree = "<group>"; };
		AF1B47AF225EBD69004A0B69 /* Theme.swift */ = {isa = PBXFileReference; fileEncoding = 4; lastKnownFileType = sourcecode.swift; path = Theme.swift; sourceTree = "<group>"; };
		AF1B47B1225EBDD5004A0B69 /* Roboto-Light.ttf */ = {isa = PBXFileReference; lastKnownFileType = file; path = "Roboto-Light.ttf"; sourceTree = "<group>"; };
		AF1B47B2225EBDD5004A0B69 /* Roboto-Bold.ttf */ = {isa = PBXFileReference; lastKnownFileType = file; path = "Roboto-Bold.ttf"; sourceTree = "<group>"; };
		AF1B47B3225EBDD5004A0B69 /* Roboto-Regular.ttf */ = {isa = PBXFileReference; lastKnownFileType = file; path = "Roboto-Regular.ttf"; sourceTree = "<group>"; };
		AF1B47B7225EC45D004A0B69 /* HomeCell.swift */ = {isa = PBXFileReference; lastKnownFileType = sourcecode.swift; path = HomeCell.swift; sourceTree = "<group>"; };
		AF1B47BA225EC7D7004A0B69 /* UiImageViewExtension.swift */ = {isa = PBXFileReference; fileEncoding = 4; lastKnownFileType = sourcecode.swift; path = UiImageViewExtension.swift; sourceTree = "<group>"; };
		AF1B47BC225EC885004A0B69 /* WebService.swift */ = {isa = PBXFileReference; fileEncoding = 4; lastKnownFileType = sourcecode.swift; path = WebService.swift; sourceTree = "<group>"; };
		AF1B47BE225EC9B2004A0B69 /* Handler.swift */ = {isa = PBXFileReference; fileEncoding = 4; lastKnownFileType = sourcecode.swift; path = Handler.swift; sourceTree = "<group>"; };
		AF5AF3A9225FB0B200A1A0E5 /* ImageZoomVC.swift */ = {isa = PBXFileReference; lastKnownFileType = sourcecode.swift; path = ImageZoomVC.swift; sourceTree = "<group>"; };
		AFD95BD0225E51CE0019F48B /* SmartMobeTest.app */ = {isa = PBXFileReference; explicitFileType = wrapper.application; includeInIndex = 0; path = SmartMobeTest.app; sourceTree = BUILT_PRODUCTS_DIR; };
		AFD95BD3225E51CE0019F48B /* AppDelegate.swift */ = {isa = PBXFileReference; lastKnownFileType = sourcecode.swift; path = AppDelegate.swift; sourceTree = "<group>"; };
		AFD95BD5225E51CE0019F48B /* ViewController.swift */ = {isa = PBXFileReference; lastKnownFileType = sourcecode.swift; path = ViewController.swift; sourceTree = "<group>"; };
		AFD95BD8225E51CE0019F48B /* Base */ = {isa = PBXFileReference; lastKnownFileType = file.storyboard; name = Base; path = Base.lproj/Main.storyboard; sourceTree = "<group>"; };
		AFD95BDA225E51CF0019F48B /* Assets.xcassets */ = {isa = PBXFileReference; lastKnownFileType = folder.assetcatalog; path = Assets.xcassets; sourceTree = "<group>"; };
		AFD95BDD225E51CF0019F48B /* Base */ = {isa = PBXFileReference; lastKnownFileType = file.storyboard; name = Base; path = Base.lproj/LaunchScreen.storyboard; sourceTree = "<group>"; };
		AFD95BDF225E51CF0019F48B /* Info.plist */ = {isa = PBXFileReference; lastKnownFileType = text.plist.xml; path = Info.plist; sourceTree = "<group>"; };
		AFD95BF0225E5FFE0019F48B /* HomeVC.swift */ = {isa = PBXFileReference; lastKnownFileType = sourcecode.swift; path = HomeVC.swift; sourceTree = "<group>"; };
/* End PBXFileReference section */

/* Begin PBXFrameworksBuildPhase section */
		0AACD8EA22604A9F000AA2D7 /* Frameworks */ = {
			isa = PBXFrameworksBuildPhase;
			buildActionMask = 2147483647;
			files = (
			);
			runOnlyForDeploymentPostprocessing = 0;
		};
		AFD95BCD225E51CE0019F48B /* Frameworks */ = {
			isa = PBXFrameworksBuildPhase;
			buildActionMask = 2147483647;
			files = (
				E34E5F7556175659330FCA10 /* Pods_SmartMobeTest.framework in Frameworks */,
			);
			runOnlyForDeploymentPostprocessing = 0;
		};
/* End PBXFrameworksBuildPhase section */

/* Begin PBXGroup section */
		0A363075225EF9C00067A252 /* Model */ = {
			isa = PBXGroup;
			children = (
				0A363076225EF9D10067A252 /* HomeModel.swift */,
			);
			path = Model;
			sourceTree = "<group>";
		};
		0AACD8EE22604A9F000AA2D7 /* SmartMobeTestTests */ = {
			isa = PBXGroup;
			children = (
				0AACD8EF22604A9F000AA2D7 /* SmartMobeTestTests.swift */,
				0AACD8F122604A9F000AA2D7 /* Info.plist */,
			);
			path = SmartMobeTestTests;
			sourceTree = "<group>";
		};
		186A7C8B2598ABC667C8A8CC /* Pods */ = {
			isa = PBXGroup;
			children = (
				91E17168D0F21B7660F9BA42 /* Pods-SmartMobeTest.debug.xcconfig */,
				10EAF53205D1829494789818 /* Pods-SmartMobeTest.release.xcconfig */,
			);
			name = Pods;
			sourceTree = "<group>";
		};
		245095C89F39347F05DDB92A /* Frameworks */ = {
			isa = PBXGroup;
			children = (
				7A18B6A2ABED47F8031F5665 /* Pods_SmartMobeTest.framework */,
			);
			name = Frameworks;
			sourceTree = "<group>";
		};
		AF1B47B9225EC7C2004A0B69 /* Extensions */ = {
			isa = PBXGroup;
			children = (
				AF1B47BA225EC7D7004A0B69 /* UiImageViewExtension.swift */,
				0A36307A225F4BA00067A252 /* UilabelExtension.swift */,
			);
			path = Extensions;
			sourceTree = "<group>";
		};
		AFD95BC7225E51CE0019F48B = {
			isa = PBXGroup;
			children = (
				AFD95BD2225E51CE0019F48B /* SmartMobeTest */,
				0AACD8EE22604A9F000AA2D7 /* SmartMobeTestTests */,
				AFD95BD1225E51CE0019F48B /* Products */,
				186A7C8B2598ABC667C8A8CC /* Pods */,
				245095C89F39347F05DDB92A /* Frameworks */,
			);
			sourceTree = "<group>";
		};
		AFD95BD1225E51CE0019F48B /* Products */ = {
			isa = PBXGroup;
			children = (
				AFD95BD0225E51CE0019F48B /* SmartMobeTest.app */,
				0AACD8ED22604A9F000AA2D7 /* SmartMobeTestTests.xctest */,
			);
			name = Products;
			sourceTree = "<group>";
		};
		AFD95BD2225E51CE0019F48B /* SmartMobeTest */ = {
			isa = PBXGroup;
			children = (
				AFD95BE5225E552C0019F48B /* Application */,
				AF1B47B9225EC7C2004A0B69 /* Extensions */,
				AFD95BEB225E55D60019F48B /* Utility */,
				AFD95BEA225E55CC0019F48B /* Theme */,
				AFD95BE8225E55A30019F48B /* Resources */,
				AFD95BE7225E55930019F48B /* Section */,
				AFD95BE6225E558C0019F48B /* Manager */,
			);
			path = SmartMobeTest;
			sourceTree = "<group>";
		};
		AFD95BE5225E552C0019F48B /* Application */ = {
			isa = PBXGroup;
			children = (
				AFD95BD3225E51CE0019F48B /* AppDelegate.swift */,
				AFD95BD5225E51CE0019F48B /* ViewController.swift */,
				AFD95BDF225E51CF0019F48B /* Info.plist */,
				AFD95BDA225E51CF0019F48B /* Assets.xcassets */,
				AFD95BDC225E51CF0019F48B /* LaunchScreen.storyboard */,
				AFD95BD7225E51CE0019F48B /* Main.storyboard */,
			);
			path = Application;
			sourceTree = "<group>";
		};
		AFD95BE6225E558C0019F48B /* Manager */ = {
			isa = PBXGroup;
			children = (
				AF1B47BC225EC885004A0B69 /* WebService.swift */,
			);
			path = Manager;
			sourceTree = "<group>";
		};
		AFD95BE7225E55930019F48B /* Section */ = {
			isa = PBXGroup;
			children = (
				AFD95BEC225E58440019F48B /* Home */,
			);
			path = Section;
			sourceTree = "<group>";
		};
		AFD95BE8225E55A30019F48B /* Resources */ = {
			isa = PBXGroup;
			children = (
				AFD95BE9225E55AD0019F48B /* Font */,
			);
			path = Resources;
			sourceTree = "<group>";
		};
		AFD95BE9225E55AD0019F48B /* Font */ = {
			isa = PBXGroup;
			children = (
				AF1B47B2225EBDD5004A0B69 /* Roboto-Bold.ttf */,
				AF1B47B1225EBDD5004A0B69 /* Roboto-Light.ttf */,
				AF1B47B3225EBDD5004A0B69 /* Roboto-Regular.ttf */,
			);
			path = Font;
			sourceTree = "<group>";
		};
		AFD95BEA225E55CC0019F48B /* Theme */ = {
			isa = PBXGroup;
			children = (
				AF1B47AF225EBD69004A0B69 /* Theme.swift */,
			);
			path = Theme;
			sourceTree = "<group>";
		};
		AFD95BEB225E55D60019F48B /* Utility */ = {
			isa = PBXGroup;
			children = (
				AF1B47BE225EC9B2004A0B69 /* Handler.swift */,
				AF1B47AB225EBC4F004A0B69 /* Routes.swift */,
				AF1B47AC225EBC4F004A0B69 /* Util.swift */,
			);
			path = Utility;
			sourceTree = "<group>";
		};
		AFD95BEC225E58440019F48B /* Home */ = {
			isa = PBXGroup;
			children = (
				AFD95BED225E585D0019F48B /* Controller */,
				0A363075225EF9C00067A252 /* Model */,
				AFD95BEE225E586A0019F48B /* Views */,
			);
			path = Home;
			sourceTree = "<group>";
		};
		AFD95BED225E585D0019F48B /* Controller */ = {
			isa = PBXGroup;
			children = (
				AFD95BF0225E5FFE0019F48B /* HomeVC.swift */,
				0A363078225F4AF20067A252 /* HomeDetailVC.swift */,
				AF5AF3A9225FB0B200A1A0E5 /* ImageZoomVC.swift */,
			);
			path = Controller;
			sourceTree = "<group>";
		};
		AFD95BEE225E586A0019F48B /* Views */ = {
			isa = PBXGroup;
			children = (
				AF1B47B7225EC45D004A0B69 /* HomeCell.swift */,
			);
			path = Views;
			sourceTree = "<group>";
		};
/* End PBXGroup section */

/* Begin PBXNativeTarget section */
		0AACD8EC22604A9F000AA2D7 /* SmartMobeTestTests */ = {
			isa = PBXNativeTarget;
			buildConfigurationList = 0AACD8F622604A9F000AA2D7 /* Build configuration list for PBXNativeTarget "SmartMobeTestTests" */;
			buildPhases = (
				0AACD8E922604A9F000AA2D7 /* Sources */,
				0AACD8EA22604A9F000AA2D7 /* Frameworks */,
				0AACD8EB22604A9F000AA2D7 /* Resources */,
			);
			buildRules = (
			);
			dependencies = (
				0AACD8F322604A9F000AA2D7 /* PBXTargetDependency */,
			);
			name = SmartMobeTestTests;
			productName = SmartMobeTestTests;
			productReference = 0AACD8ED22604A9F000AA2D7 /* SmartMobeTestTests.xctest */;
			productType = "com.apple.product-type.bundle.unit-test";
		};
		AFD95BCF225E51CE0019F48B /* SmartMobeTest */ = {
			isa = PBXNativeTarget;
			buildConfigurationList = AFD95BE2225E51CF0019F48B /* Build configuration list for PBXNativeTarget "SmartMobeTest" */;
			buildPhases = (
				07ABAC30258AB498C9CF8B64 /* [CP] Check Pods Manifest.lock */,
				AFD95BCC225E51CE0019F48B /* Sources */,
				AFD95BCD225E51CE0019F48B /* Frameworks */,
				AFD95BCE225E51CE0019F48B /* Resources */,
				DFB64DC9516B18FADE6F3BE1 /* [CP] Embed Pods Frameworks */,
			);
			buildRules = (
			);
			dependencies = (
			);
			name = SmartMobeTest;
			productName = SmartMobeTest;
			productReference = AFD95BD0225E51CE0019F48B /* SmartMobeTest.app */;
			productType = "com.apple.product-type.application";
		};
/* End PBXNativeTarget section */

/* Begin PBXProject section */
		AFD95BC8225E51CE0019F48B /* Project object */ = {
			isa = PBXProject;
			attributes = {
				LastSwiftUpdateCheck = 1020;
				LastUpgradeCheck = 1020;
				ORGANIZATIONNAME = "Arun kumar Sah";
				TargetAttributes = {
					0AACD8EC22604A9F000AA2D7 = {
						CreatedOnToolsVersion = 10.2;
						TestTargetID = AFD95BCF225E51CE0019F48B;
					};
					AFD95BCF225E51CE0019F48B = {
						CreatedOnToolsVersion = 10.2;
					};
				};
			};
			buildConfigurationList = AFD95BCB225E51CE0019F48B /* Build configuration list for PBXProject "SmartMobeTest" */;
			compatibilityVersion = "Xcode 9.3";
			developmentRegion = en;
			hasScannedForEncodings = 0;
			knownRegions = (
				en,
				Base,
			);
			mainGroup = AFD95BC7225E51CE0019F48B;
			productRefGroup = AFD95BD1225E51CE0019F48B /* Products */;
			projectDirPath = "";
			projectRoot = "";
			targets = (
				AFD95BCF225E51CE0019F48B /* SmartMobeTest */,
				0AACD8EC22604A9F000AA2D7 /* SmartMobeTestTests */,
			);
		};
/* End PBXProject section */

/* Begin PBXResourcesBuildPhase section */
		0AACD8EB22604A9F000AA2D7 /* Resources */ = {
			isa = PBXResourcesBuildPhase;
			buildActionMask = 2147483647;
			files = (
			);
			runOnlyForDeploymentPostprocessing = 0;
		};
		AFD95BCE225E51CE0019F48B /* Resources */ = {
			isa = PBXResourcesBuildPhase;
			buildActionMask = 2147483647;
			files = (
				AF1B47B6225EBDD5004A0B69 /* Roboto-Regular.ttf in Resources */,
				AFD95BDE225E51CF0019F48B /* LaunchScreen.storyboard in Resources */,
				AFD95BDB225E51CF0019F48B /* Assets.xcassets in Resources */,
				AF1B47B5225EBDD5004A0B69 /* Roboto-Bold.ttf in Resources */,
				AF1B47B4225EBDD5004A0B69 /* Roboto-Light.ttf in Resources */,
				AFD95BD9225E51CE0019F48B /* Main.storyboard in Resources */,
			);
			runOnlyForDeploymentPostprocessing = 0;
		};
/* End PBXResourcesBuildPhase section */

/* Begin PBXShellScriptBuildPhase section */
		07ABAC30258AB498C9CF8B64 /* [CP] Check Pods Manifest.lock */ = {
			isa = PBXShellScriptBuildPhase;
			buildActionMask = 2147483647;
			files = (
			);
			inputPaths = (
				"${PODS_PODFILE_DIR_PATH}/Podfile.lock",
				"${PODS_ROOT}/Manifest.lock",
			);
			name = "[CP] Check Pods Manifest.lock";
			outputPaths = (
				"$(DERIVED_FILE_DIR)/Pods-SmartMobeTest-checkManifestLockResult.txt",
			);
			runOnlyForDeploymentPostprocessing = 0;
			shellPath = /bin/sh;
			shellScript = "diff \"${PODS_PODFILE_DIR_PATH}/Podfile.lock\" \"${PODS_ROOT}/Manifest.lock\" > /dev/null\nif [ $? != 0 ] ; then\n    # print error to STDERR\n    echo \"error: The sandbox is not in sync with the Podfile.lock. Run 'pod install' or update your CocoaPods installation.\" >&2\n    exit 1\nfi\n# This output is used by Xcode 'outputs' to avoid re-running this script phase.\necho \"SUCCESS\" > \"${SCRIPT_OUTPUT_FILE_0}\"\n";
			showEnvVarsInLog = 0;
		};
		DFB64DC9516B18FADE6F3BE1 /* [CP] Embed Pods Frameworks */ = {
			isa = PBXShellScriptBuildPhase;
			buildActionMask = 2147483647;
			files = (
			);
			inputPaths = (
				"${PODS_ROOT}/Target Support Files/Pods-SmartMobeTest/Pods-SmartMobeTest-frameworks.sh",
				"${BUILT_PRODUCTS_DIR}/Alamofire/Alamofire.framework",
				"${BUILT_PRODUCTS_DIR}/IQKeyboardManagerSwift/IQKeyboardManagerSwift.framework",
				"${BUILT_PRODUCTS_DIR}/ReachabilitySwift/Reachability.framework",
				"${BUILT_PRODUCTS_DIR}/SDWebImage/SDWebImage.framework",
				"${BUILT_PRODUCTS_DIR}/SwiftyJSON/SwiftyJSON.framework",
				"${BUILT_PRODUCTS_DIR}/TTGSnackbar/TTGSnackbar.framework",
			);
			name = "[CP] Embed Pods Frameworks";
			outputPaths = (
				"${TARGET_BUILD_DIR}/${FRAMEWORKS_FOLDER_PATH}/Alamofire.framework",
				"${TARGET_BUILD_DIR}/${FRAMEWORKS_FOLDER_PATH}/IQKeyboardManagerSwift.framework",
				"${TARGET_BUILD_DIR}/${FRAMEWORKS_FOLDER_PATH}/Reachability.framework",
				"${TARGET_BUILD_DIR}/${FRAMEWORKS_FOLDER_PATH}/SDWebImage.framework",
				"${TARGET_BUILD_DIR}/${FRAMEWORKS_FOLDER_PATH}/SwiftyJSON.framework",
				"${TARGET_BUILD_DIR}/${FRAMEWORKS_FOLDER_PATH}/TTGSnackbar.framework",
			);
			runOnlyForDeploymentPostprocessing = 0;
			shellPath = /bin/sh;
			shellScript = "\"${PODS_ROOT}/Target Support Files/Pods-SmartMobeTest/Pods-SmartMobeTest-frameworks.sh\"\n";
			showEnvVarsInLog = 0;
		};
/* End PBXShellScriptBuildPhase section */

/* Begin PBXSourcesBuildPhase section */
		0AACD8E922604A9F000AA2D7 /* Sources */ = {
			isa = PBXSourcesBuildPhase;
			buildActionMask = 2147483647;
			files = (
				0AACD8F022604A9F000AA2D7 /* SmartMobeTestTests.swift in Sources */,
			);
			runOnlyForDeploymentPostprocessing = 0;
		};
		AFD95BCC225E51CE0019F48B /* Sources */ = {
			isa = PBXSourcesBuildPhase;
			buildActionMask = 2147483647;
			files = (
				AF1B47BD225EC885004A0B69 /* WebService.swift in Sources */,
				AFD95BF1225E5FFE0019F48B /* HomeVC.swift in Sources */,
				0A363077225EF9D10067A252 /* HomeModel.swift in Sources */,
				AF1B47B8225EC45D004A0B69 /* HomeCell.swift in Sources */,
				AF1B47AD225EBC50004A0B69 /* Routes.swift in Sources */,
				AF1B47AE225EBC50004A0B69 /* Util.swift in Sources */,
				AF1B47B0225EBD69004A0B69 /* Theme.swift in Sources */,
				AF5AF3AA225FB0B200A1A0E5 /* ImageZoomVC.swift in Sources */,
				0A36307B225F4BA00067A252 /* UilabelExtension.swift in Sources */,
				AFD95BD6225E51CE0019F48B /* ViewController.swift in Sources */,
				AF1B47BB225EC7D7004A0B69 /* UiImageViewExtension.swift in Sources */,
				AF1B47BF225EC9B2004A0B69 /* Handler.swift in Sources */,
				0A363079225F4AF20067A252 /* HomeDetailVC.swift in Sources */,
				AFD95BD4225E51CE0019F48B /* AppDelegate.swift in Sources */,
			);
			runOnlyForDeploymentPostprocessing = 0;
		};
/* End PBXSourcesBuildPhase section */

/* Begin PBXTargetDependency section */
		0AACD8F322604A9F000AA2D7 /* PBXTargetDependency */ = {
			isa = PBXTargetDependency;
			target = AFD95BCF225E51CE0019F48B /* SmartMobeTest */;
			targetProxy = 0AACD8F222604A9F000AA2D7 /* PBXContainerItemProxy */;
		};
/* End PBXTargetDependency section */

/* Begin PBXVariantGroup section */
		AFD95BD7225E51CE0019F48B /* Main.storyboard */ = {
			isa = PBXVariantGroup;
			children = (
				AFD95BD8225E51CE0019F48B /* Base */,
			);
			name = Main.storyboard;
			sourceTree = "<group>";
		};
		AFD95BDC225E51CF0019F48B /* LaunchScreen.storyboard */ = {
			isa = PBXVariantGroup;
			children = (
				AFD95BDD225E51CF0019F48B /* Base */,
			);
			name = LaunchScreen.storyboard;
			sourceTree = "<group>";
		};
/* End PBXVariantGroup section */

/* Begin XCBuildConfiguration section */
		0AACD8F422604A9F000AA2D7 /* Debug */ = {
			isa = XCBuildConfiguration;
			buildSettings = {
				BUNDLE_LOADER = "$(TEST_HOST)";
				CODE_SIGN_STYLE = Automatic;
				DEVELOPMENT_TEAM = H786VT66QY;
				INFOPLIST_FILE = SmartMobeTestTests/Info.plist;
				LD_RUNPATH_SEARCH_PATHS = (
					"$(inherited)",
					"@executable_path/Frameworks",
					"@loader_path/Frameworks",
				);
				PRODUCT_BUNDLE_IDENTIFIER = com.zigzag.SmartMobeTestTests;
				PRODUCT_NAME = "$(TARGET_NAME)";
				SWIFT_VERSION = 5.0;
				TARGETED_DEVICE_FAMILY = "1,2";
				TEST_HOST = "$(BUILT_PRODUCTS_DIR)/SmartMobeTest.app/SmartMobeTest";
			};
			name = Debug;
		};
		0AACD8F522604A9F000AA2D7 /* Release */ = {
			isa = XCBuildConfiguration;
			buildSettings = {
				BUNDLE_LOADER = "$(TEST_HOST)";
				CODE_SIGN_STYLE = Automatic;
				DEVELOPMENT_TEAM = H786VT66QY;
				INFOPLIST_FILE = SmartMobeTestTests/Info.plist;
				LD_RUNPATH_SEARCH_PATHS = (
					"$(inherited)",
					"@executable_path/Frameworks",
					"@loader_path/Frameworks",
				);
				PRODUCT_BUNDLE_IDENTIFIER = com.zigzag.SmartMobeTestTests;
				PRODUCT_NAME = "$(TARGET_NAME)";
				SWIFT_VERSION = 5.0;
				TARGETED_DEVICE_FAMILY = "1,2";
				TEST_HOST = "$(BUILT_PRODUCTS_DIR)/SmartMobeTest.app/SmartMobeTest";
			};
			name = Release;
		};
		AFD95BE0225E51CF0019F48B /* Debug */ = {
			isa = XCBuildConfiguration;
			buildSettings = {
				ALWAYS_SEARCH_USER_PATHS = NO;
				CLANG_ANALYZER_NONNULL = YES;
				CLANG_ANALYZER_NUMBER_OBJECT_CONVERSION = YES_AGGRESSIVE;
				CLANG_CXX_LANGUAGE_STANDARD = "gnu++14";
				CLANG_CXX_LIBRARY = "libc++";
				CLANG_ENABLE_MODULES = YES;
				CLANG_ENABLE_OBJC_ARC = YES;
				CLANG_ENABLE_OBJC_WEAK = YES;
				CLANG_WARN_BLOCK_CAPTURE_AUTORELEASING = YES;
				CLANG_WARN_BOOL_CONVERSION = YES;
				CLANG_WARN_COMMA = YES;
				CLANG_WARN_CONSTANT_CONVERSION = YES;
				CLANG_WARN_DEPRECATED_OBJC_IMPLEMENTATIONS = YES;
				CLANG_WARN_DIRECT_OBJC_ISA_USAGE = YES_ERROR;
				CLANG_WARN_DOCUMENTATION_COMMENTS = YES;
				CLANG_WARN_EMPTY_BODY = YES;
				CLANG_WARN_ENUM_CONVERSION = YES;
				CLANG_WARN_INFINITE_RECURSION = YES;
				CLANG_WARN_INT_CONVERSION = YES;
				CLANG_WARN_NON_LITERAL_NULL_CONVERSION = YES;
				CLANG_WARN_OBJC_IMPLICIT_RETAIN_SELF = YES;
				CLANG_WARN_OBJC_LITERAL_CONVERSION = YES;
				CLANG_WARN_OBJC_ROOT_CLASS = YES_ERROR;
				CLANG_WARN_RANGE_LOOP_ANALYSIS = YES;
				CLANG_WARN_STRICT_PROTOTYPES = YES;
				CLANG_WARN_SUSPICIOUS_MOVE = YES;
				CLANG_WARN_UNGUARDED_AVAILABILITY = YES_AGGRESSIVE;
				CLANG_WARN_UNREACHABLE_CODE = YES;
				CLANG_WARN__DUPLICATE_METHOD_MATCH = YES;
				CODE_SIGN_IDENTITY = "iPhone Developer";
				COPY_PHASE_STRIP = NO;
				DEBUG_INFORMATION_FORMAT = dwarf;
				ENABLE_STRICT_OBJC_MSGSEND = YES;
				ENABLE_TESTABILITY = YES;
				GCC_C_LANGUAGE_STANDARD = gnu11;
				GCC_DYNAMIC_NO_PIC = NO;
				GCC_NO_COMMON_BLOCKS = YES;
				GCC_OPTIMIZATION_LEVEL = 0;
				GCC_PREPROCESSOR_DEFINITIONS = (
					"DEBUG=1",
					"$(inherited)",
				);
				GCC_WARN_64_TO_32_BIT_CONVERSION = YES;
				GCC_WARN_ABOUT_RETURN_TYPE = YES_ERROR;
				GCC_WARN_UNDECLARED_SELECTOR = YES;
				GCC_WARN_UNINITIALIZED_AUTOS = YES_AGGRESSIVE;
				GCC_WARN_UNUSED_FUNCTION = YES;
				GCC_WARN_UNUSED_VARIABLE = YES;
				IPHONEOS_DEPLOYMENT_TARGET = 12.2;
				MTL_ENABLE_DEBUG_INFO = INCLUDE_SOURCE;
				MTL_FAST_MATH = YES;
				ONLY_ACTIVE_ARCH = YES;
				SDKROOT = iphoneos;
				SWIFT_ACTIVE_COMPILATION_CONDITIONS = DEBUG;
				SWIFT_OPTIMIZATION_LEVEL = "-Onone";
			};
			name = Debug;
		};
		AFD95BE1225E51CF0019F48B /* Release */ = {
			isa = XCBuildConfiguration;
			buildSettings = {
				ALWAYS_SEARCH_USER_PATHS = NO;
				CLANG_ANALYZER_NONNULL = YES;
				CLANG_ANALYZER_NUMBER_OBJECT_CONVERSION = YES_AGGRESSIVE;
				CLANG_CXX_LANGUAGE_STANDARD = "gnu++14";
				CLANG_CXX_LIBRARY = "libc++";
				CLANG_ENABLE_MODULES = YES;
				CLANG_ENABLE_OBJC_ARC = YES;
				CLANG_ENABLE_OBJC_WEAK = YES;
				CLANG_WARN_BLOCK_CAPTURE_AUTORELEASING = YES;
				CLANG_WARN_BOOL_CONVERSION = YES;
				CLANG_WARN_COMMA = YES;
				CLANG_WARN_CONSTANT_CONVERSION = YES;
				CLANG_WARN_DEPRECATED_OBJC_IMPLEMENTATIONS = YES;
				CLANG_WARN_DIRECT_OBJC_ISA_USAGE = YES_ERROR;
				CLANG_WARN_DOCUMENTATION_COMMENTS = YES;
				CLANG_WARN_EMPTY_BODY = YES;
				CLANG_WARN_ENUM_CONVERSION = YES;
				CLANG_WARN_INFINITE_RECURSION = YES;
				CLANG_WARN_INT_CONVERSION = YES;
				CLANG_WARN_NON_LITERAL_NULL_CONVERSION = YES;
				CLANG_WARN_OBJC_IMPLICIT_RETAIN_SELF = YES;
				CLANG_WARN_OBJC_LITERAL_CONVERSION = YES;
				CLANG_WARN_OBJC_ROOT_CLASS = YES_ERROR;
				CLANG_WARN_RANGE_LOOP_ANALYSIS = YES;
				CLANG_WARN_STRICT_PROTOTYPES = YES;
				CLANG_WARN_SUSPICIOUS_MOVE = YES;
				CLANG_WARN_UNGUARDED_AVAILABILITY = YES_AGGRESSIVE;
				CLANG_WARN_UNREACHABLE_CODE = YES;
				CLANG_WARN__DUPLICATE_METHOD_MATCH = YES;
				CODE_SIGN_IDENTITY = "iPhone Developer";
				COPY_PHASE_STRIP = NO;
				DEBUG_INFORMATION_FORMAT = "dwarf-with-dsym";
				ENABLE_NS_ASSERTIONS = NO;
				ENABLE_STRICT_OBJC_MSGSEND = YES;
				GCC_C_LANGUAGE_STANDARD = gnu11;
				GCC_NO_COMMON_BLOCKS = YES;
				GCC_WARN_64_TO_32_BIT_CONVERSION = YES;
				GCC_WARN_ABOUT_RETURN_TYPE = YES_ERROR;
				GCC_WARN_UNDECLARED_SELECTOR = YES;
				GCC_WARN_UNINITIALIZED_AUTOS = YES_AGGRESSIVE;
				GCC_WARN_UNUSED_FUNCTION = YES;
				GCC_WARN_UNUSED_VARIABLE = YES;
				IPHONEOS_DEPLOYMENT_TARGET = 12.2;
				MTL_ENABLE_DEBUG_INFO = NO;
				MTL_FAST_MATH = YES;
				SDKROOT = iphoneos;
				SWIFT_COMPILATION_MODE = wholemodule;
				SWIFT_OPTIMIZATION_LEVEL = "-O";
				VALIDATE_PRODUCT = YES;
			};
			name = Release;
		};
		AFD95BE3225E51CF0019F48B /* Debug */ = {
			isa = XCBuildConfiguration;
			baseConfigurationReference = 91E17168D0F21B7660F9BA42 /* Pods-SmartMobeTest.debug.xcconfig */;
			buildSettings = {
				ASSETCATALOG_COMPILER_APPICON_NAME = AppIcon;
				CODE_SIGN_STYLE = Automatic;
				DEVELOPMENT_TEAM = H786VT66QY;
				INFOPLIST_FILE = SmartMobeTest/Application/Info.plist;
				IPHONEOS_DEPLOYMENT_TARGET = 10.0;
				LD_RUNPATH_SEARCH_PATHS = (
					"$(inherited)",
					"@executable_path/Frameworks",
				);
				PRODUCT_BUNDLE_IDENTIFIER = sourcecode.SmartMobeTest;
				PRODUCT_NAME = "$(TARGET_NAME)";
				SWIFT_VERSION = 5.0;
				TARGETED_DEVICE_FAMILY = "1,2";
			};
			name = Debug;
		};
		AFD95BE4225E51CF0019F48B /* Release */ = {
			isa = XCBuildConfiguration;
			baseConfigurationReference = 10EAF53205D1829494789818 /* Pods-SmartMobeTest.release.xcconfig */;
			buildSettings = {
				ASSETCATALOG_COMPILER_APPICON_NAME = AppIcon;
				CODE_SIGN_STYLE = Automatic;
				DEVELOPMENT_TEAM = H786VT66QY;
				INFOPLIST_FILE = SmartMobeTest/Application/Info.plist;
				IPHONEOS_DEPLOYMENT_TARGET = 10.0;
				LD_RUNPATH_SEARCH_PATHS = (
					"$(inherited)",
					"@executable_path/Frameworks",
				);
				PRODUCT_BUNDLE_IDENTIFIER = sourcecode.SmartMobeTest;
				PRODUCT_NAME = "$(TARGET_NAME)";
				SWIFT_VERSION = 5.0;
				TARGETED_DEVICE_FAMILY = "1,2";
			};
			name = Release;
		};
/* End XCBuildConfiguration section */

/* Begin XCConfigurationList section */
		0AACD8F622604A9F000AA2D7 /* Build configuration list for PBXNativeTarget "SmartMobeTestTests" */ = {
			isa = XCConfigurationList;
			buildConfigurations = (
				0AACD8F422604A9F000AA2D7 /* Debug */,
				0AACD8F522604A9F000AA2D7 /* Release */,
			);
			defaultConfigurationIsVisible = 0;
			defaultConfigurationName = Release;
		};
		AFD95BCB225E51CE0019F48B /* Build configuration list for PBXProject "SmartMobeTest" */ = {
			isa = XCConfigurationList;
			buildConfigurations = (
				AFD95BE0225E51CF0019F48B /* Debug */,
				AFD95BE1225E51CF0019F48B /* Release */,
			);
			defaultConfigurationIsVisible = 0;
			defaultConfigurationName = Release;
		};
		AFD95BE2225E51CF0019F48B /* Build configuration list for PBXNativeTarget "SmartMobeTest" */ = {
			isa = XCConfigurationList;
			buildConfigurations = (
				AFD95BE3225E51CF0019F48B /* Debug */,
				AFD95BE4225E51CF0019F48B /* Release */,
			);
			defaultConfigurationIsVisible = 0;
			defaultConfigurationName = Release;
		};
/* End XCConfigurationList section */
	};
	rootObject = AFD95BC8225E51CE0019F48B /* Project object */;
}
